
Microsoft Visual Studio Solution File, Format Version 12.00
# Visual Studio Version 17
VisualStudioVersion = 17.4.33403.182
MinimumVisualStudioVersion = 10.0.40219.1
Project("{FAE04EC0-301F-11D3-BF4B-00C04F79EFBC}") = "160223ödev2", "160223ödev2\160223ödev2.csproj", "{4EDEB6BC-5DE6-423D-9F62-B3E76EED148D}"
EndProject
Global
	GlobalSection(SolutionConfigurationPlatforms) = preSolution
		Debug|Any CPU = Debug|Any CPU
		Release|Any CPU = Release|Any CPU
	EndGlobalSection
	GlobalSection(ProjectConfigurationPlatforms) = postSolution
		{4EDEB6BC-5DE6-423D-9F62-B3E76EED148D}.Debug|Any CPU.ActiveCfg = Debug|Any CPU
		{4EDEB6BC-5DE6-423D-9F62-B3E76EED148D}.Debug|Any CPU.Build.0 = Debug|Any CPU
		{4EDEB6BC-5DE6-423D-9F62-B3E76EED148D}.Release|Any CPU.ActiveCfg = Release|Any CPU
		{4EDEB6BC-5DE6-423D-9F62-B3E76EED148D}.Release|Any CPU.Build.0 = Release|Any CPU
	EndGlobalSection
	GlobalSection(SolutionProperties) = preSolution
		HideSolutionNode = FALSE
	EndGlobalSection
	GlobalSection(ExtensibilityGlobals) = postSolution
		SolutionGuid = {59A08C12-B826-43C3-97F5-5617C61F6D5E}
	EndGlobalSection
EndGlobal
