
Microsoft Visual Studio Solution File, Format Version 12.00
# Visual Studio Version 17
VisualStudioVersion = 17.2.32616.157
MinimumVisualStudioVersion = 10.0.40219.1
Project("{FAE04EC0-301F-11D3-BF4B-00C04F79EFBC}") = "WFA020223", "WFA020223\WFA020223.csproj", "{2BD7C912-C5ED-41B8-B0C6-6C08133D1C8E}"
EndProject
Project("{FAE04EC0-301F-11D3-BF4B-00C04F79EFBC}") = "2.soru", "2.soru\2.soru.csproj", "{79AF5E46-7B98-455F-B37B-1A9D014153EF}"
EndProject
Project("{FAE04EC0-301F-11D3-BF4B-00C04F79EFBC}") = "wfa3.soru", "wfa3.soru\wfa3.soru.csproj", "{8688AC90-037E-46B1-9336-8D92B8ECFCB3}"
EndProject
Project("{FAE04EC0-301F-11D3-BF4B-00C04F79EFBC}") = "wfa4.soru", "wfa4.soru\wfa4.soru.csproj", "{DC5EEBEB-52B9-4B54-A742-2B385470D8B4}"
EndProject
Project("{FAE04EC0-301F-11D3-BF4B-00C04F79EFBC}") = "wfa5.soru", "wfa5.soru\wfa5.soru.csproj", "{54ED7839-29D2-4CE9-B58D-B2AC946DACC4}"
EndProject
Global
	GlobalSection(SolutionConfigurationPlatforms) = preSolution
		Debug|Any CPU = Debug|Any CPU
		Release|Any CPU = Release|Any CPU
	EndGlobalSection
	GlobalSection(ProjectConfigurationPlatforms) = postSolution
		{2BD7C912-C5ED-41B8-B0C6-6C08133D1C8E}.Debug|Any CPU.ActiveCfg = Debug|Any CPU
		{2BD7C912-C5ED-41B8-B0C6-6C08133D1C8E}.Debug|Any CPU.Build.0 = Debug|Any CPU
		{2BD7C912-C5ED-41B8-B0C6-6C08133D1C8E}.Release|Any CPU.ActiveCfg = Release|Any CPU
		{2BD7C912-C5ED-41B8-B0C6-6C08133D1C8E}.Release|Any CPU.Build.0 = Release|Any CPU
		{79AF5E46-7B98-455F-B37B-1A9D014153EF}.Debug|Any CPU.ActiveCfg = Debug|Any CPU
		{79AF5E46-7B98-455F-B37B-1A9D014153EF}.Debug|Any CPU.Build.0 = Debug|Any CPU
		{79AF5E46-7B98-455F-B37B-1A9D014153EF}.Release|Any CPU.ActiveCfg = Release|Any CPU
		{79AF5E46-7B98-455F-B37B-1A9D014153EF}.Release|Any CPU.Build.0 = Release|Any CPU
		{8688AC90-037E-46B1-9336-8D92B8ECFCB3}.Debug|Any CPU.ActiveCfg = Debug|Any CPU
		{8688AC90-037E-46B1-9336-8D92B8ECFCB3}.Debug|Any CPU.Build.0 = Debug|Any CPU
		{8688AC90-037E-46B1-9336-8D92B8ECFCB3}.Release|Any CPU.ActiveCfg = Release|Any CPU
		{8688AC90-037E-46B1-9336-8D92B8ECFCB3}.Release|Any CPU.Build.0 = Release|Any CPU
		{DC5EEBEB-52B9-4B54-A742-2B385470D8B4}.Debug|Any CPU.ActiveCfg = Debug|Any CPU
		{DC5EEBEB-52B9-4B54-A742-2B385470D8B4}.Debug|Any CPU.Build.0 = Debug|Any CPU
		{DC5EEBEB-52B9-4B54-A742-2B385470D8B4}.Release|Any CPU.ActiveCfg = Release|Any CPU
		{DC5EEBEB-52B9-4B54-A742-2B385470D8B4}.Release|Any CPU.Build.0 = Release|Any CPU
		{54ED7839-29D2-4CE9-B58D-B2AC946DACC4}.Debug|Any CPU.ActiveCfg = Debug|Any CPU
		{54ED7839-29D2-4CE9-B58D-B2AC946DACC4}.Debug|Any CPU.Build.0 = Debug|Any CPU
		{54ED7839-29D2-4CE9-B58D-B2AC946DACC4}.Release|Any CPU.ActiveCfg = Release|Any CPU
		{54ED7839-29D2-4CE9-B58D-B2AC946DACC4}.Release|Any CPU.Build.0 = Release|Any CPU
	EndGlobalSection
	GlobalSection(SolutionProperties) = preSolution
		HideSolutionNode = FALSE
	EndGlobalSection
	GlobalSection(ExtensibilityGlobals) = postSolution
		SolutionGuid = {4261CE81-EC10-4E1E-B7BB-6DF6326D5930}
	EndGlobalSection
EndGlobal
