
Microsoft Visual Studio Solution File, Format Version 12.00
# Visual Studio Version 17
VisualStudioVersion = 17.2.32616.157
MinimumVisualStudioVersion = 10.0.40219.1
Project("{FAE04EC0-301F-11D3-BF4B-00C04F79EFBC}") = "MMustafaOzcanIntroductionMaraton", "MMustafaOzcanIntroductionMaraton\MMustafaOzcanIntroductionMaraton.csproj", "{E17EF978-34CC-4EAF-A44C-37F5FA29D9A2}"
EndProject
Global
	GlobalSection(SolutionConfigurationPlatforms) = preSolution
		Debug|Any CPU = Debug|Any CPU
		Release|Any CPU = Release|Any CPU
	EndGlobalSection
	GlobalSection(ProjectConfigurationPlatforms) = postSolution
		{E17EF978-34CC-4EAF-A44C-37F5FA29D9A2}.Debug|Any CPU.ActiveCfg = Debug|Any CPU
		{E17EF978-34CC-4EAF-A44C-37F5FA29D9A2}.Debug|Any CPU.Build.0 = Debug|Any CPU
		{E17EF978-34CC-4EAF-A44C-37F5FA29D9A2}.Release|Any CPU.ActiveCfg = Release|Any CPU
		{E17EF978-34CC-4EAF-A44C-37F5FA29D9A2}.Release|Any CPU.Build.0 = Release|Any CPU
	EndGlobalSection
	GlobalSection(SolutionProperties) = preSolution
		HideSolutionNode = FALSE
	EndGlobalSection
	GlobalSection(ExtensibilityGlobals) = postSolution
		SolutionGuid = {A31C0108-5390-44A0-B125-8233CDFD39C6}
	EndGlobalSection
EndGlobal
